<Solution>
  <Project Path="Assembly-CSharp.csproj" />
  <Project Path="Fusion.Unity.Editor.csproj" />
  <Project Path="Linework.csproj" />
  <Project Path="Assembly-CSharp-Editor.csproj" />
  <Project Path="Linework.Editor.csproj" />
  <Project Path="Fusion.Unity.csproj" />
  <Project Path="AudioClipEditor.csproj" />
  <Project Path="Unity.Fusion.CodeGen.csproj" />
  <Project Path="FullSceenFXAutoInstall.csproj" />
</Solution>
